{
  "version": 4,
  "terraform_version": "0.12.24",
  "serial": 7,
  "lineage": "ff084975-90df-757e-4a73-aa6375d20bbb",
  "outputs": {},
  "resources": [
    {
      "mode": "managed",
      "type": "aws_s3_bucket",
      "name": "my-bucket",
      "provider": "provider.aws",
      "instances": [
        {
          "schema_version": 0,
          "attributes": {
            "acceleration_status": "",
            "acl": "private",
            "arn": "arn:aws:s3:::my-terraform-bucket-with-unique-name",
            "bucket": "my-terraform-bucket-with-unique-name",
            "bucket_domain_name": "my-terraform-bucket-with-unique-name.s3.amazonaws.com",
            "bucket_prefix": null,
            "bucket_regional_domain_name": "my-terraform-bucket-with-unique-name.s3.ap-southeast-2.amazonaws.com",
            "cors_rule": [],
            "force_destroy": false,
            "grant": [],
            "hosted_zone_id": "Z1WCIGYICN2BYD",
            "id": "my-terraform-bucket-with-unique-name",
            "lifecycle_rule": [],
            "logging": [],
            "object_lock_configuration": [],
            "policy": null,
            "region": "ap-southeast-2",
            "replication_configuration": [],
            "request_payer": "BucketOwner",
            "server_side_encryption_configuration": [],
            "tags": {
              "Name": "my-terraform-bucket-with-unique-name"
            },
            "versioning": [
              {
                "enabled": true,
                "mfa_delete": false
              }
            ],
            "website": [],
            "website_domain": null,
            "website_endpoint": null
          },
          "private": "bnVsbA=="
        }
      ]
    },
    {
      "mode": "managed",
      "type": "aws_vpc",
      "name": "main",
      "provider": "provider.aws",
      "instances": [
        {
          "schema_version": 1,
          "attributes": {
            "arn": "arn:aws:ec2:ap-southeast-2:464392538707:vpc/vpc-0b039f67cdd4b826a",
            "assign_generated_ipv6_cidr_block": false,
            "cidr_block": "10.0.0.0/16",
            "default_network_acl_id": "acl-0bf6c2a36b16f366f",
            "default_route_table_id": "rtb-06ffb2f1a79b80623",
            "default_security_group_id": "sg-039d73e4d14303983",
            "dhcp_options_id": "dopt-b92409de",
            "enable_classiclink": false,
            "enable_classiclink_dns_support": false,
            "enable_dns_hostnames": false,
            "enable_dns_support": true,
            "id": "vpc-0b039f67cdd4b826a",
            "instance_tenancy": "default",
            "ipv6_association_id": "",
            "ipv6_cidr_block": "",
            "main_route_table_id": "rtb-06ffb2f1a79b80623",
            "owner_id": "464392538707",
            "tags": {
              "Name": "my-terraform-aws-vpc"
            }
          },
          "private": "eyJzY2hlbWFfdmVyc2lvbiI6IjEifQ=="
        }
      ]
    }
  ]
}
